
Microsoft Visual Studio Solution File, Format Version 12.00
# Visual Studio Version 16
VisualStudioVersion = 16.0.31605.320
MinimumVisualStudioVersion = 10.0.40219.1
Project("{FAE04EC0-301F-11D3-BF4B-00C04F79EFBC}") = "software4", "software4.csproj", "{D85BE58F-7BF2-41EE-9107-C7CFB43BBD34}"
EndProject
Global
	GlobalSection(SolutionConfigurationPlatforms) = preSolution
		Debug|Any CPU = Debug|Any CPU
		Release|Any CPU = Release|Any CPU
	EndGlobalSection
	GlobalSection(ProjectConfigurationPlatforms) = postSolution
		{D85BE58F-7BF2-41EE-9107-C7CFB43BBD34}.Debug|Any CPU.ActiveCfg = Debug|Any CPU
		{D85BE58F-7BF2-41EE-9107-C7CFB43BBD34}.Debug|Any CPU.Build.0 = Debug|Any CPU
		{D85BE58F-7BF2-41EE-9107-C7CFB43BBD34}.Release|Any CPU.ActiveCfg = Release|Any CPU
		{D85BE58F-7BF2-41EE-9107-C7CFB43BBD34}.Release|Any CPU.Build.0 = Release|Any CPU
	EndGlobalSection
	GlobalSection(SolutionProperties) = preSolution
		HideSolutionNode = FALSE
	EndGlobalSection
	GlobalSection(ExtensibilityGlobals) = postSolution
		SolutionGuid = {5C6A9B3F-15DE-4B56-8CEE-96C80C5A4D4B}
	EndGlobalSection
EndGlobal
